<Solution>
  <Folder Name="/src/">
    <Project Path="src/ProjectHub.Agent/ProjectHub.Agent.csproj" />
    <Project Path="src/ProjectHub.Core/ProjectHub.Core.csproj" />
    <Project Path="src/ProjectHub.Infrastructure/ProjectHub.Infrastructure.csproj" />
    <Project Path="src/ProjectHub.Server/ProjectHub.Server.csproj" />
    <Project Path="tests/ProjectHub.Core.Tests/ProjectHub.Core.Tests.csproj" />
    <Project Path="tests/ProjectHub.Server.Tests/ProjectHub.Server.Tests.csproj" />
  </Folder>
</Solution>
