
Microsoft Visual Studio Solution File, Format Version 12.00
# Visual Studio Version 17
VisualStudioVersion = 17.0.31903.59
MinimumVisualStudioVersion = 10.0.40219.1
Project("{2150E333-8FDC-42A3-9474-1A3956D46DE8}") = "src", "src", "{827E0CD3-B72D-47B6-A68D-7590B98EB39B}"
EndProject
Project("{FAE04EC0-301F-11D3-BF4B-00C04F79EFBC}") = "ProjectHub.Core", "src\ProjectHub.Core\ProjectHub.Core.csproj", "{1BAF307A-FDEA-47A8-ABF7-82640AB451C9}"
EndProject
Project("{FAE04EC0-301F-11D3-BF4B-00C04F79EFBC}") = "ProjectHub.Infrastructure", "src\ProjectHub.Infrastructure\ProjectHub.Infrastructure.csproj", "{4BF42062-C1A9-440D-9A60-CBFCF877D090}"
EndProject
Project("{FAE04EC0-301F-11D3-BF4B-00C04F79EFBC}") = "ProjectHub.Server", "src\ProjectHub.Server\ProjectHub.Server.csproj", "{93C01B0A-0407-46DC-B1E6-E3C6AC714C53}"
EndProject
Project("{FAE04EC0-301F-11D3-BF4B-00C04F79EFBC}") = "ProjectHub.Agent", "src\ProjectHub.Agent\ProjectHub.Agent.csproj", "{474E03FF-921B-46B6-8AC8-6F60E72302C5}"
EndProject
Project("{FAE04EC0-301F-11D3-BF4B-00C04F79EFBC}") = "ProjectHub.Core.Tests", "tests\ProjectHub.Core.Tests\ProjectHub.Core.Tests.csproj", "{73C46FDB-0420-464B-9447-31A4719D8E89}"
EndProject
Project("{FAE04EC0-301F-11D3-BF4B-00C04F79EFBC}") = "ProjectHub.Server.Tests", "tests\ProjectHub.Server.Tests\ProjectHub.Server.Tests.csproj", "{987BFDEC-02F8-4372-85ED-99E0014285AC}"
EndProject
Project("{2150E333-8FDC-42A3-9474-1A3956D46DE8}") = "tests", "tests", "{0AB3BF05-4346-4AA6-1389-037BE0695223}"
EndProject
Project("{FAE04EC0-301F-11D3-BF4B-00C04F79EFBC}") = "ProjectHub.Agent.Tests", "tests\ProjectHub.Agent.Tests\ProjectHub.Agent.Tests.csproj", "{27FCDAC9-C700-4498-9A5F-D50C8EE49E2F}"
EndProject
Project("{FAE04EC0-301F-11D3-BF4B-00C04F79EFBC}") = "ProjectHub.Worker", "src\ProjectHub.Worker\ProjectHub.Worker.csproj", "{225EE38D-5DB2-43FB-AC7E-DD6EA4D3A3AB}"
EndProject
Project("{FAE04EC0-301F-11D3-BF4B-00C04F79EFBC}") = "ProjectHub.Worker.Tests", "tests\ProjectHub.Worker.Tests\ProjectHub.Worker.Tests.csproj", "{1EBB0672-D04F-4C3C-A077-BC20B608354D}"
EndProject
Global
	GlobalSection(SolutionConfigurationPlatforms) = preSolution
		Debug|Any CPU = Debug|Any CPU
		Debug|x64 = Debug|x64
		Debug|x86 = Debug|x86
		Release|Any CPU = Release|Any CPU
		Release|x64 = Release|x64
		Release|x86 = Release|x86
	EndGlobalSection
	GlobalSection(ProjectConfigurationPlatforms) = postSolution
		{1BAF307A-FDEA-47A8-ABF7-82640AB451C9}.Debug|Any CPU.ActiveCfg = Debug|Any CPU
		{1BAF307A-FDEA-47A8-ABF7-82640AB451C9}.Debug|Any CPU.Build.0 = Debug|Any CPU
		{1BAF307A-FDEA-47A8-ABF7-82640AB451C9}.Debug|x64.ActiveCfg = Debug|Any CPU
		{1BAF307A-FDEA-47A8-ABF7-82640AB451C9}.Debug|x64.Build.0 = Debug|Any CPU
		{1BAF307A-FDEA-47A8-ABF7-82640AB451C9}.Debug|x86.ActiveCfg = Debug|Any CPU
		{1BAF307A-FDEA-47A8-ABF7-82640AB451C9}.Debug|x86.Build.0 = Debug|Any CPU
		{1BAF307A-FDEA-47A8-ABF7-82640AB451C9}.Release|Any CPU.ActiveCfg = Release|Any CPU
		{1BAF307A-FDEA-47A8-ABF7-82640AB451C9}.Release|Any CPU.Build.0 = Release|Any CPU
		{1BAF307A-FDEA-47A8-ABF7-82640AB451C9}.Release|x64.ActiveCfg = Release|Any CPU
		{1BAF307A-FDEA-47A8-ABF7-82640AB451C9}.Release|x64.Build.0 = Release|Any CPU
		{1BAF307A-FDEA-47A8-ABF7-82640AB451C9}.Release|x86.ActiveCfg = Release|Any CPU
		{1BAF307A-FDEA-47A8-ABF7-82640AB451C9}.Release|x86.Build.0 = Release|Any CPU
		{4BF42062-C1A9-440D-9A60-CBFCF877D090}.Debug|Any CPU.ActiveCfg = Debug|Any CPU
		{4BF42062-C1A9-440D-9A60-CBFCF877D090}.Debug|Any CPU.Build.0 = Debug|Any CPU
		{4BF42062-C1A9-440D-9A60-CBFCF877D090}.Debug|x64.ActiveCfg = Debug|Any CPU
		{4BF42062-C1A9-440D-9A60-CBFCF877D090}.Debug|x64.Build.0 = Debug|Any CPU
		{4BF42062-C1A9-440D-9A60-CBFCF877D090}.Debug|x86.ActiveCfg = Debug|Any CPU
		{4BF42062-C1A9-440D-9A60-CBFCF877D090}.Debug|x86.Build.0 = Debug|Any CPU
		{4BF42062-C1A9-440D-9A60-CBFCF877D090}.Release|Any CPU.ActiveCfg = Release|Any CPU
		{4BF42062-C1A9-440D-9A60-CBFCF877D090}.Release|Any CPU.Build.0 = Release|Any CPU
		{4BF42062-C1A9-440D-9A60-CBFCF877D090}.Release|x64.ActiveCfg = Release|Any CPU
		{4BF42062-C1A9-440D-9A60-CBFCF877D090}.Release|x64.Build.0 = Release|Any CPU
		{4BF42062-C1A9-440D-9A60-CBFCF877D090}.Release|x86.ActiveCfg = Release|Any CPU
		{4BF42062-C1A9-440D-9A60-CBFCF877D090}.Release|x86.Build.0 = Release|Any CPU
		{93C01B0A-0407-46DC-B1E6-E3C6AC714C53}.Debug|Any CPU.ActiveCfg = Debug|Any CPU
		{93C01B0A-0407-46DC-B1E6-E3C6AC714C53}.Debug|Any CPU.Build.0 = Debug|Any CPU
		{93C01B0A-0407-46DC-B1E6-E3C6AC714C53}.Debug|x64.ActiveCfg = Debug|Any CPU
		{93C01B0A-0407-46DC-B1E6-E3C6AC714C53}.Debug|x64.Build.0 = Debug|Any CPU
		{93C01B0A-0407-46DC-B1E6-E3C6AC714C53}.Debug|x86.ActiveCfg = Debug|Any CPU
		{93C01B0A-0407-46DC-B1E6-E3C6AC714C53}.Debug|x86.Build.0 = Debug|Any CPU
		{93C01B0A-0407-46DC-B1E6-E3C6AC714C53}.Release|Any CPU.ActiveCfg = Release|Any CPU
		{93C01B0A-0407-46DC-B1E6-E3C6AC714C53}.Release|Any CPU.Build.0 = Release|Any CPU
		{93C01B0A-0407-46DC-B1E6-E3C6AC714C53}.Release|x64.ActiveCfg = Release|Any CPU
		{93C01B0A-0407-46DC-B1E6-E3C6AC714C53}.Release|x64.Build.0 = Release|Any CPU
		{93C01B0A-0407-46DC-B1E6-E3C6AC714C53}.Release|x86.ActiveCfg = Release|Any CPU
		{93C01B0A-0407-46DC-B1E6-E3C6AC714C53}.Release|x86.Build.0 = Release|Any CPU
		{474E03FF-921B-46B6-8AC8-6F60E72302C5}.Debug|Any CPU.ActiveCfg = Debug|Any CPU
		{474E03FF-921B-46B6-8AC8-6F60E72302C5}.Debug|Any CPU.Build.0 = Debug|Any CPU
		{474E03FF-921B-46B6-8AC8-6F60E72302C5}.Debug|x64.ActiveCfg = Debug|Any CPU
		{474E03FF-921B-46B6-8AC8-6F60E72302C5}.Debug|x64.Build.0 = Debug|Any CPU
		{474E03FF-921B-46B6-8AC8-6F60E72302C5}.Debug|x86.ActiveCfg = Debug|Any CPU
		{474E03FF-921B-46B6-8AC8-6F60E72302C5}.Debug|x86.Build.0 = Debug|Any CPU
		{474E03FF-921B-46B6-8AC8-6F60E72302C5}.Release|Any CPU.ActiveCfg = Release|Any CPU
		{474E03FF-921B-46B6-8AC8-6F60E72302C5}.Release|Any CPU.Build.0 = Release|Any CPU
		{474E03FF-921B-46B6-8AC8-6F60E72302C5}.Release|x64.ActiveCfg = Release|Any CPU
		{474E03FF-921B-46B6-8AC8-6F60E72302C5}.Release|x64.Build.0 = Release|Any CPU
		{474E03FF-921B-46B6-8AC8-6F60E72302C5}.Release|x86.ActiveCfg = Release|Any CPU
		{474E03FF-921B-46B6-8AC8-6F60E72302C5}.Release|x86.Build.0 = Release|Any CPU
		{73C46FDB-0420-464B-9447-31A4719D8E89}.Debug|Any CPU.ActiveCfg = Debug|Any CPU
		{73C46FDB-0420-464B-9447-31A4719D8E89}.Debug|Any CPU.Build.0 = Debug|Any CPU
		{73C46FDB-0420-464B-9447-31A4719D8E89}.Debug|x64.ActiveCfg = Debug|Any CPU
		{73C46FDB-0420-464B-9447-31A4719D8E89}.Debug|x64.Build.0 = Debug|Any CPU
		{73C46FDB-0420-464B-9447-31A4719D8E89}.Debug|x86.ActiveCfg = Debug|Any CPU
		{73C46FDB-0420-464B-9447-31A4719D8E89}.Debug|x86.Build.0 = Debug|Any CPU
		{73C46FDB-0420-464B-9447-31A4719D8E89}.Release|Any CPU.ActiveCfg = Release|Any CPU
		{73C46FDB-0420-464B-9447-31A4719D8E89}.Release|Any CPU.Build.0 = Release|Any CPU
		{73C46FDB-0420-464B-9447-31A4719D8E89}.Release|x64.ActiveCfg = Release|Any CPU
		{73C46FDB-0420-464B-9447-31A4719D8E89}.Release|x64.Build.0 = Release|Any CPU
		{73C46FDB-0420-464B-9447-31A4719D8E89}.Release|x86.ActiveCfg = Release|Any CPU
		{73C46FDB-0420-464B-9447-31A4719D8E89}.Release|x86.Build.0 = Release|Any CPU
		{987BFDEC-02F8-4372-85ED-99E0014285AC}.Debug|Any CPU.ActiveCfg = Debug|Any CPU
		{987BFDEC-02F8-4372-85ED-99E0014285AC}.Debug|Any CPU.Build.0 = Debug|Any CPU
		{987BFDEC-02F8-4372-85ED-99E0014285AC}.Debug|x64.ActiveCfg = Debug|Any CPU
		{987BFDEC-02F8-4372-85ED-99E0014285AC}.Debug|x64.Build.0 = Debug|Any CPU
		{987BFDEC-02F8-4372-85ED-99E0014285AC}.Debug|x86.ActiveCfg = Debug|Any CPU
		{987BFDEC-02F8-4372-85ED-99E0014285AC}.Debug|x86.Build.0 = Debug|Any CPU
		{987BFDEC-02F8-4372-85ED-99E0014285AC}.Release|Any CPU.ActiveCfg = Release|Any CPU
		{987BFDEC-02F8-4372-85ED-99E0014285AC}.Release|Any CPU.Build.0 = Release|Any CPU
		{987BFDEC-02F8-4372-85ED-99E0014285AC}.Release|x64.ActiveCfg = Release|Any CPU
		{987BFDEC-02F8-4372-85ED-99E0014285AC}.Release|x64.Build.0 = Release|Any CPU
		{987BFDEC-02F8-4372-85ED-99E0014285AC}.Release|x86.ActiveCfg = Release|Any CPU
		{987BFDEC-02F8-4372-85ED-99E0014285AC}.Release|x86.Build.0 = Release|Any CPU
		{27FCDAC9-C700-4498-9A5F-D50C8EE49E2F}.Debug|Any CPU.ActiveCfg = Debug|Any CPU
		{27FCDAC9-C700-4498-9A5F-D50C8EE49E2F}.Debug|Any CPU.Build.0 = Debug|Any CPU
		{27FCDAC9-C700-4498-9A5F-D50C8EE49E2F}.Debug|x64.ActiveCfg = Debug|Any CPU
		{27FCDAC9-C700-4498-9A5F-D50C8EE49E2F}.Debug|x64.Build.0 = Debug|Any CPU
		{27FCDAC9-C700-4498-9A5F-D50C8EE49E2F}.Debug|x86.ActiveCfg = Debug|Any CPU
		{27FCDAC9-C700-4498-9A5F-D50C8EE49E2F}.Debug|x86.Build.0 = Debug|Any CPU
		{27FCDAC9-C700-4498-9A5F-D50C8EE49E2F}.Release|Any CPU.ActiveCfg = Release|Any CPU
		{27FCDAC9-C700-4498-9A5F-D50C8EE49E2F}.Release|Any CPU.Build.0 = Release|Any CPU
		{27FCDAC9-C700-4498-9A5F-D50C8EE49E2F}.Release|x64.ActiveCfg = Release|Any CPU
		{27FCDAC9-C700-4498-9A5F-D50C8EE49E2F}.Release|x64.Build.0 = Release|Any CPU
		{27FCDAC9-C700-4498-9A5F-D50C8EE49E2F}.Release|x86.ActiveCfg = Release|Any CPU
		{27FCDAC9-C700-4498-9A5F-D50C8EE49E2F}.Release|x86.Build.0 = Release|Any CPU
		{225EE38D-5DB2-43FB-AC7E-DD6EA4D3A3AB}.Debug|Any CPU.ActiveCfg = Debug|Any CPU
		{225EE38D-5DB2-43FB-AC7E-DD6EA4D3A3AB}.Debug|Any CPU.Build.0 = Debug|Any CPU
		{225EE38D-5DB2-43FB-AC7E-DD6EA4D3A3AB}.Debug|x64.ActiveCfg = Debug|Any CPU
		{225EE38D-5DB2-43FB-AC7E-DD6EA4D3A3AB}.Debug|x64.Build.0 = Debug|Any CPU
		{225EE38D-5DB2-43FB-AC7E-DD6EA4D3A3AB}.Debug|x86.ActiveCfg = Debug|Any CPU
		{225EE38D-5DB2-43FB-AC7E-DD6EA4D3A3AB}.Debug|x86.Build.0 = Debug|Any CPU
		{225EE38D-5DB2-43FB-AC7E-DD6EA4D3A3AB}.Release|Any CPU.ActiveCfg = Release|Any CPU
		{225EE38D-5DB2-43FB-AC7E-DD6EA4D3A3AB}.Release|Any CPU.Build.0 = Release|Any CPU
		{225EE38D-5DB2-43FB-AC7E-DD6EA4D3A3AB}.Release|x64.ActiveCfg = Release|Any CPU
		{225EE38D-5DB2-43FB-AC7E-DD6EA4D3A3AB}.Release|x64.Build.0 = Release|Any CPU
		{225EE38D-5DB2-43FB-AC7E-DD6EA4D3A3AB}.Release|x86.ActiveCfg = Release|Any CPU
		{225EE38D-5DB2-43FB-AC7E-DD6EA4D3A3AB}.Release|x86.Build.0 = Release|Any CPU
		{1EBB0672-D04F-4C3C-A077-BC20B608354D}.Debug|Any CPU.ActiveCfg = Debug|Any CPU
		{1EBB0672-D04F-4C3C-A077-BC20B608354D}.Debug|Any CPU.Build.0 = Debug|Any CPU
		{1EBB0672-D04F-4C3C-A077-BC20B608354D}.Debug|x64.ActiveCfg = Debug|Any CPU
		{1EBB0672-D04F-4C3C-A077-BC20B608354D}.Debug|x64.Build.0 = Debug|Any CPU
		{1EBB0672-D04F-4C3C-A077-BC20B608354D}.Debug|x86.ActiveCfg = Debug|Any CPU
		{1EBB0672-D04F-4C3C-A077-BC20B608354D}.Debug|x86.Build.0 = Debug|Any CPU
		{1EBB0672-D04F-4C3C-A077-BC20B608354D}.Release|Any CPU.ActiveCfg = Release|Any CPU
		{1EBB0672-D04F-4C3C-A077-BC20B608354D}.Release|Any CPU.Build.0 = Release|Any CPU
		{1EBB0672-D04F-4C3C-A077-BC20B608354D}.Release|x64.ActiveCfg = Release|Any CPU
		{1EBB0672-D04F-4C3C-A077-BC20B608354D}.Release|x64.Build.0 = Release|Any CPU
		{1EBB0672-D04F-4C3C-A077-BC20B608354D}.Release|x86.ActiveCfg = Release|Any CPU
		{1EBB0672-D04F-4C3C-A077-BC20B608354D}.Release|x86.Build.0 = Release|Any CPU
	EndGlobalSection
	GlobalSection(SolutionProperties) = preSolution
		HideSolutionNode = FALSE
	EndGlobalSection
	GlobalSection(NestedProjects) = preSolution
		{1BAF307A-FDEA-47A8-ABF7-82640AB451C9} = {827E0CD3-B72D-47B6-A68D-7590B98EB39B}
		{4BF42062-C1A9-440D-9A60-CBFCF877D090} = {827E0CD3-B72D-47B6-A68D-7590B98EB39B}
		{93C01B0A-0407-46DC-B1E6-E3C6AC714C53} = {827E0CD3-B72D-47B6-A68D-7590B98EB39B}
		{474E03FF-921B-46B6-8AC8-6F60E72302C5} = {827E0CD3-B72D-47B6-A68D-7590B98EB39B}
		{73C46FDB-0420-464B-9447-31A4719D8E89} = {827E0CD3-B72D-47B6-A68D-7590B98EB39B}
		{987BFDEC-02F8-4372-85ED-99E0014285AC} = {827E0CD3-B72D-47B6-A68D-7590B98EB39B}
		{27FCDAC9-C700-4498-9A5F-D50C8EE49E2F} = {0AB3BF05-4346-4AA6-1389-037BE0695223}
		{225EE38D-5DB2-43FB-AC7E-DD6EA4D3A3AB} = {827E0CD3-B72D-47B6-A68D-7590B98EB39B}
		{1EBB0672-D04F-4C3C-A077-BC20B608354D} = {0AB3BF05-4346-4AA6-1389-037BE0695223}
	EndGlobalSection
EndGlobal
